// !$*UTF8*$!
{
	archiveVersion = 1;
	classes = {
	};
	objectVersion = 55;
	objects = {

/* Begin PBXBuildFile section */
		5E336AB9284CC35300106802 /* GoogleService-Info.plist in Resources */ = {isa = PBXBuildFile; fileRef = 5E336AB8284CC35300106802 /* GoogleService-Info.plist */; };
		5E336ABB284CC63D00106802 /* RegisterView.swift in Sources */ = {isa = PBXBuildFile; fileRef = 5E336ABA284CC63D00106802 /* RegisterView.swift */; };
		5E35824C28609CFC00B6C55A /* AppNavBarView.swift in Sources */ = {isa = PBXBuildFile; fileRef = 5E35824B28609CFB00B6C55A /* AppNavBarView.swift */; };
		5E5CD73D285BD86A0021604A /* TabBar.swift in Sources */ = {isa = PBXBuildFile; fileRef = 5E5CD73C285BD86A0021604A /* TabBar.swift */; };
		5E5CD73F285BE1ED0021604A /* TabCurve.swift in Sources */ = {isa = PBXBuildFile; fileRef = 5E5CD73E285BE1ED0021604A /* TabCurve.swift */; };
		5E5CD742285BE8CF0021604A /* SettingsView.swift in Sources */ = {isa = PBXBuildFile; fileRef = 5E5CD741285BE8CF0021604A /* SettingsView.swift */; };
		5E61B8DF284A3E5400797C92 /* shoplistApp.swift in Sources */ = {isa = PBXBuildFile; fileRef = 5E61B8DE284A3E5400797C92 /* shoplistApp.swift */; };
		5E61B8E1284A3E5400797C92 /* ContentView.swift in Sources */ = {isa = PBXBuildFile; fileRef = 5E61B8E0284A3E5400797C92 /* ContentView.swift */; };
		5E61B8E3284A3E5900797C92 /* Assets.xcassets in Resources */ = {isa = PBXBuildFile; fileRef = 5E61B8E2284A3E5900797C92 /* Assets.xcassets */; };
		5E61B8E6284A3E5900797C92 /* Preview Assets.xcassets in Resources */ = {isa = PBXBuildFile; fileRef = 5E61B8E5284A3E5900797C92 /* Preview Assets.xcassets */; };
		5E61B8F0284A3E5A00797C92 /* shoplistTests.swift in Sources */ = {isa = PBXBuildFile; fileRef = 5E61B8EF284A3E5A00797C92 /* shoplistTests.swift */; };
		5E61B8FA284A3E5A00797C92 /* shoplistUITests.swift in Sources */ = {isa = PBXBuildFile; fileRef = 5E61B8F9284A3E5A00797C92 /* shoplistUITests.swift */; };
		5E61B8FC284A3E5A00797C92 /* shoplistUITestsLaunchTests.swift in Sources */ = {isa = PBXBuildFile; fileRef = 5E61B8FB284A3E5A00797C92 /* shoplistUITestsLaunchTests.swift */; };
		5E61B90A284A49B800797C92 /* LoginView.swift in Sources */ = {isa = PBXBuildFile; fileRef = 5E61B909284A49B800797C92 /* LoginView.swift */; };
		5E61B911284A4E4400797C92 /* FirebaseAuth in Frameworks */ = {isa = PBXBuildFile; productRef = 5E61B910284A4E4400797C92 /* FirebaseAuth */; };
		5E61B913284A4E4400797C92 /* FirebaseDatabase in Frameworks */ = {isa = PBXBuildFile; productRef = 5E61B912284A4E4400797C92 /* FirebaseDatabase */; };
		5E61B915284A4E4400797C92 /* FirebaseDatabaseSwift in Frameworks */ = {isa = PBXBuildFile; productRef = 5E61B914284A4E4400797C92 /* FirebaseDatabaseSwift */; };
		5E82A320285FD1FF000386D0 /* ListViewModel.swift in Sources */ = {isa = PBXBuildFile; fileRef = 5E82A31F285FD1FF000386D0 /* ListViewModel.swift */; };
		5E82A323285FD28C000386D0 /* ListRowView.swift in Sources */ = {isa = PBXBuildFile; fileRef = 5E82A322285FD28C000386D0 /* ListRowView.swift */; };
		5EDD096B28512D66000C736F /* LoginViewModel.swift in Sources */ = {isa = PBXBuildFile; fileRef = 5EDD096A28512D66000C736F /* LoginViewModel.swift */; };
		5EDD096E285135DB000C736F /* HomeView.swift in Sources */ = {isa = PBXBuildFile; fileRef = 5EDD096D285135DB000C736F /* HomeView.swift */; };
/* End PBXBuildFile section */

/* Begin PBXContainerItemProxy section */
		5E61B8EC284A3E5A00797C92 /* PBXContainerItemProxy */ = {
			isa = PBXContainerItemProxy;
			containerPortal = 5E61B8D3284A3E5300797C92 /* Project object */;
			proxyType = 1;
			remoteGlobalIDString = 5E61B8DA284A3E5300797C92;
			remoteInfo = shoplist;
		};
		5E61B8F6284A3E5A00797C92 /* PBXContainerItemProxy */ = {
			isa = PBXContainerItemProxy;
			containerPortal = 5E61B8D3284A3E5300797C92 /* Project object */;
			proxyType = 1;
			remoteGlobalIDString = 5E61B8DA284A3E5300797C92;
			remoteInfo = shoplist;
		};
/* End PBXContainerItemProxy section */

/* Begin PBXFileReference section */
		5E336AB8284CC35300106802 /* GoogleService-Info.plist */ = {isa = PBXFileReference; fileEncoding = 4; lastKnownFileType = text.plist.xml; path = "GoogleService-Info.plist"; sourceTree = "<group>"; };
		5E336ABA284CC63D00106802 /* RegisterView.swift */ = {isa = PBXFileReference; lastKnownFileType = sourcecode.swift; path = RegisterView.swift; sourceTree = "<group>"; };
		5E35824B28609CFB00B6C55A /* AppNavBarView.swift */ = {isa = PBXFileReference; lastKnownFileType = sourcecode.swift; path = AppNavBarView.swift; sourceTree = "<group>"; };
		5E5CD73C285BD86A0021604A /* TabBar.swift */ = {isa = PBXFileReference; lastKnownFileType = sourcecode.swift; path = TabBar.swift; sourceTree = "<group>"; };
		5E5CD73E285BE1ED0021604A /* TabCurve.swift */ = {isa = PBXFileReference; lastKnownFileType = sourcecode.swift; path = TabCurve.swift; sourceTree = "<group>"; };
		5E5CD741285BE8CF0021604A /* SettingsView.swift */ = {isa = PBXFileReference; lastKnownFileType = sourcecode.swift; path = SettingsView.swift; sourceTree = "<group>"; };
		5E61B8DB284A3E5400797C92 /* shoplist.app */ = {isa = PBXFileReference; explicitFileType = wrapper.application; includeInIndex = 0; path = shoplist.app; sourceTree = BUILT_PRODUCTS_DIR; };
		5E61B8DE284A3E5400797C92 /* shoplistApp.swift */ = {isa = PBXFileReference; lastKnownFileType = sourcecode.swift; path = shoplistApp.swift; sourceTree = "<group>"; };
		5E61B8E0284A3E5400797C92 /* ContentView.swift */ = {isa = PBXFileReference; lastKnownFileType = sourcecode.swift; path = ContentView.swift; sourceTree = "<group>"; };
		5E61B8E2284A3E5900797C92 /* Assets.xcassets */ = {isa = PBXFileReference; lastKnownFileType = folder.assetcatalog; path = Assets.xcassets; sourceTree = "<group>"; };
		5E61B8E5284A3E5900797C92 /* Preview Assets.xcassets */ = {isa = PBXFileReference; lastKnownFileType = folder.assetcatalog; path = "Preview Assets.xcassets"; sourceTree = "<group>"; };
		5E61B8EB284A3E5A00797C92 /* shoplistTests.xctest */ = {isa = PBXFileReference; explicitFileType = wrapper.cfbundle; includeInIndex = 0; path = shoplistTests.xctest; sourceTree = BUILT_PRODUCTS_DIR; };
		5E61B8EF284A3E5A00797C92 /* shoplistTests.swift */ = {isa = PBXFileReference; lastKnownFileType = sourcecode.swift; path = shoplistTests.swift; sourceTree = "<group>"; };
		5E61B8F5284A3E5A00797C92 /* shoplistUITests.xctest */ = {isa = PBXFileReference; explicitFileType = wrapper.cfbundle; includeInIndex = 0; path = shoplistUITests.xctest; sourceTree = BUILT_PRODUCTS_DIR; };
		5E61B8F9284A3E5A00797C92 /* shoplistUITests.swift */ = {isa = PBXFileReference; lastKnownFileType = sourcecode.swift; path = shoplistUITests.swift; sourceTree = "<group>"; };
		5E61B8FB284A3E5A00797C92 /* shoplistUITestsLaunchTests.swift */ = {isa = PBXFileReference; lastKnownFileType = sourcecode.swift; path = shoplistUITestsLaunchTests.swift; sourceTree = "<group>"; };
		5E61B909284A49B800797C92 /* LoginView.swift */ = {isa = PBXFileReference; lastKnownFileType = sourcecode.swift; path = LoginView.swift; sourceTree = "<group>"; };
		5E82A31F285FD1FF000386D0 /* ListViewModel.swift */ = {isa = PBXFileReference; lastKnownFileType = sourcecode.swift; path = ListViewModel.swift; sourceTree = "<group>"; };
		5E82A322285FD28C000386D0 /* ListRowView.swift */ = {isa = PBXFileReference; lastKnownFileType = sourcecode.swift; path = ListRowView.swift; sourceTree = "<group>"; };
		5EDD096A28512D66000C736F /* LoginViewModel.swift */ = {isa = PBXFileReference; lastKnownFileType = sourcecode.swift; path = LoginViewModel.swift; sourceTree = "<group>"; };
		5EDD096D285135DB000C736F /* HomeView.swift */ = {isa = PBXFileReference; lastKnownFileType = sourcecode.swift; path = HomeView.swift; sourceTree = "<group>"; };
/* End PBXFileReference section */

/* Begin PBXFrameworksBuildPhase section */
		5E61B8D8284A3E5300797C92 /* Frameworks */ = {
			isa = PBXFrameworksBuildPhase;
			buildActionMask = 2147483647;
			files = (
				5E61B915284A4E4400797C92 /* FirebaseDatabaseSwift in Frameworks */,
				5E61B913284A4E4400797C92 /* FirebaseDatabase in Frameworks */,
				5E61B911284A4E4400797C92 /* FirebaseAuth in Frameworks */,
			);
			runOnlyForDeploymentPostprocessing = 0;
		};
		5E61B8E8284A3E5A00797C92 /* Frameworks */ = {
			isa = PBXFrameworksBuildPhase;
			buildActionMask = 2147483647;
			files = (
			);
			runOnlyForDeploymentPostprocessing = 0;
		};
		5E61B8F2284A3E5A00797C92 /* Frameworks */ = {
			isa = PBXFrameworksBuildPhase;
			buildActionMask = 2147483647;
			files = (
			);
			runOnlyForDeploymentPostprocessing = 0;
		};
/* End PBXFrameworksBuildPhase section */

/* Begin PBXGroup section */
		5E5CD73B285BD8510021604A /* UI */ = {
			isa = PBXGroup;
			children = (
				5E5CD73C285BD86A0021604A /* TabBar.swift */,
				5E5CD73E285BE1ED0021604A /* TabCurve.swift */,
				5E35824B28609CFB00B6C55A /* AppNavBarView.swift */,
			);
			path = UI;
			sourceTree = "<group>";
		};
		5E5CD740285BE89B0021604A /* LoggedInViews */ = {
			isa = PBXGroup;
			children = (
				5EDD096D285135DB000C736F /* HomeView.swift */,
				5E5CD741285BE8CF0021604A /* SettingsView.swift */,
			);
			path = LoggedInViews;
			sourceTree = "<group>";
		};
		5E61B8D2284A3E5300797C92 = {
			isa = PBXGroup;
			children = (
				5E61B8DD284A3E5400797C92 /* shoplist */,
				5E61B8EE284A3E5A00797C92 /* shoplistTests */,
				5E61B8F8284A3E5A00797C92 /* shoplistUITests */,
				5E61B8DC284A3E5400797C92 /* Products */,
			);
			sourceTree = "<group>";
		};
		5E61B8DC284A3E5400797C92 /* Products */ = {
			isa = PBXGroup;
			children = (
				5E61B8DB284A3E5400797C92 /* shoplist.app */,
				5E61B8EB284A3E5A00797C92 /* shoplistTests.xctest */,
				5E61B8F5284A3E5A00797C92 /* shoplistUITests.xctest */,
			);
			name = Products;
			sourceTree = "<group>";
		};
		5E61B8DD284A3E5400797C92 /* shoplist */ = {
			isa = PBXGroup;
			children = (
				5E5CD73B285BD8510021604A /* UI */,
				5E336AB8284CC35300106802 /* GoogleService-Info.plist */,
				5E61B90C284A49D500797C92 /* Model */,
				5E61B90B284A49C700797C92 /* ViewModel */,
				5E61B908284A497F00797C92 /* View */,
				5E61B8DE284A3E5400797C92 /* shoplistApp.swift */,
				5E61B8E0284A3E5400797C92 /* ContentView.swift */,
				5E61B8E2284A3E5900797C92 /* Assets.xcassets */,
				5E61B8E4284A3E5900797C92 /* Preview Content */,
			);
			path = shoplist;
			sourceTree = "<group>";
		};
		5E61B8E4284A3E5900797C92 /* Preview Content */ = {
			isa = PBXGroup;
			children = (
				5E61B8E5284A3E5900797C92 /* Preview Assets.xcassets */,
			);
			path = "Preview Content";
			sourceTree = "<group>";
		};
		5E61B8EE284A3E5A00797C92 /* shoplistTests */ = {
			isa = PBXGroup;
			children = (
				5E61B8EF284A3E5A00797C92 /* shoplistTests.swift */,
			);
			path = shoplistTests;
			sourceTree = "<group>";
		};
		5E61B8F8284A3E5A00797C92 /* shoplistUITests */ = {
			isa = PBXGroup;
			children = (
				5E61B8F9284A3E5A00797C92 /* shoplistUITests.swift */,
				5E61B8FB284A3E5A00797C92 /* shoplistUITestsLaunchTests.swift */,
			);
			path = shoplistUITests;
			sourceTree = "<group>";
		};
		5E61B908284A497F00797C92 /* View */ = {
			isa = PBXGroup;
			children = (
				5E82A321285FD270000386D0 /* RowView */,
				5E5CD740285BE89B0021604A /* LoggedInViews */,
				5E61B909284A49B800797C92 /* LoginView.swift */,
				5E336ABA284CC63D00106802 /* RegisterView.swift */,
			);
			path = View;
			sourceTree = "<group>";
		};
		5E61B90B284A49C700797C92 /* ViewModel */ = {
			isa = PBXGroup;
			children = (
				5EDD096A28512D66000C736F /* LoginViewModel.swift */,
				5E82A31F285FD1FF000386D0 /* ListViewModel.swift */,
			);
			path = ViewModel;
			sourceTree = "<group>";
		};
		5E61B90C284A49D500797C92 /* Model */ = {
			isa = PBXGroup;
			children = (
			);
			path = Model;
			sourceTree = "<group>";
		};
		5E82A321285FD270000386D0 /* RowView */ = {
			isa = PBXGroup;
			children = (
				5E82A322285FD28C000386D0 /* ListRowView.swift */,
			);
			path = RowView;
			sourceTree = "<group>";
		};
/* End PBXGroup section */

/* Begin PBXNativeTarget section */
		5E61B8DA284A3E5300797C92 /* shoplist */ = {
			isa = PBXNativeTarget;
			buildConfigurationList = 5E61B8FF284A3E5A00797C92 /* Build configuration list for PBXNativeTarget "shoplist" */;
			buildPhases = (
				5E61B8D7284A3E5300797C92 /* Sources */,
				5E61B8D8284A3E5300797C92 /* Frameworks */,
				5E61B8D9284A3E5300797C92 /* Resources */,
			);
			buildRules = (
			);
			dependencies = (
			);
			name = shoplist;
			packageProductDependencies = (
				5E61B910284A4E4400797C92 /* FirebaseAuth */,
				5E61B912284A4E4400797C92 /* FirebaseDatabase */,
				5E61B914284A4E4400797C92 /* FirebaseDatabaseSwift */,
			);
			productName = shoplist;
			productReference = 5E61B8DB284A3E5400797C92 /* shoplist.app */;
			productType = "com.apple.product-type.application";
		};
		5E61B8EA284A3E5A00797C92 /* shoplistTests */ = {
			isa = PBXNativeTarget;
			buildConfigurationList = 5E61B902284A3E5A00797C92 /* Build configuration list for PBXNativeTarget "shoplistTests" */;
			buildPhases = (
				5E61B8E7284A3E5A00797C92 /* Sources */,
				5E61B8E8284A3E5A00797C92 /* Frameworks */,
				5E61B8E9284A3E5A00797C92 /* Resources */,
			);
			buildRules = (
			);
			dependencies = (
				5E61B8ED284A3E5A00797C92 /* PBXTargetDependency */,
			);
			name = shoplistTests;
			productName = shoplistTests;
			productReference = 5E61B8EB284A3E5A00797C92 /* shoplistTests.xctest */;
			productType = "com.apple.product-type.bundle.unit-test";
		};
		5E61B8F4284A3E5A00797C92 /* shoplistUITests */ = {
			isa = PBXNativeTarget;
			buildConfigurationList = 5E61B905284A3E5A00797C92 /* Build configuration list for PBXNativeTarget "shoplistUITests" */;
			buildPhases = (
				5E61B8F1284A3E5A00797C92 /* Sources */,
				5E61B8F2284A3E5A00797C92 /* Frameworks */,
				5E61B8F3284A3E5A00797C92 /* Resources */,
			);
			buildRules = (
			);
			dependencies = (
				5E61B8F7284A3E5A00797C92 /* PBXTargetDependency */,
			);
			name = shoplistUITests;
			productName = shoplistUITests;
			productReference = 5E61B8F5284A3E5A00797C92 /* shoplistUITests.xctest */;
			productType = "com.apple.product-type.bundle.ui-testing";
		};
/* End PBXNativeTarget section */

/* Begin PBXProject section */
		5E61B8D3284A3E5300797C92 /* Project object */ = {
			isa = PBXProject;
			attributes = {
				BuildIndependentTargetsInParallel = 1;
				LastSwiftUpdateCheck = 1320;
				LastUpgradeCheck = 1320;
				TargetAttributes = {
					5E61B8DA284A3E5300797C92 = {
						CreatedOnToolsVersion = 13.2.1;
					};
					5E61B8EA284A3E5A00797C92 = {
						CreatedOnToolsVersion = 13.2.1;
						TestTargetID = 5E61B8DA284A3E5300797C92;
					};
					5E61B8F4284A3E5A00797C92 = {
						CreatedOnToolsVersion = 13.2.1;
						TestTargetID = 5E61B8DA284A3E5300797C92;
					};
				};
			};
			buildConfigurationList = 5E61B8D6284A3E5300797C92 /* Build configuration list for PBXProject "shoplist" */;
			compatibilityVersion = "Xcode 13.0";
			developmentRegion = en;
			hasScannedForEncodings = 0;
			knownRegions = (
				en,
				Base,
			);
			mainGroup = 5E61B8D2284A3E5300797C92;
			packageReferences = (
				5E61B90F284A4E4400797C92 /* XCRemoteSwiftPackageReference "firebase-ios-sdk" */,
			);
			productRefGroup = 5E61B8DC284A3E5400797C92 /* Products */;
			projectDirPath = "";
			projectRoot = "";
			targets = (
				5E61B8DA284A3E5300797C92 /* shoplist */,
				5E61B8EA284A3E5A00797C92 /* shoplistTests */,
				5E61B8F4284A3E5A00797C92 /* shoplistUITests */,
			);
		};
/* End PBXProject section */

/* Begin PBXResourcesBuildPhase section */
		5E61B8D9284A3E5300797C92 /* Resources */ = {
			isa = PBXResourcesBuildPhase;
			buildActionMask = 2147483647;
			files = (
				5E61B8E6284A3E5900797C92 /* Preview Assets.xcassets in Resources */,
				5E336AB9284CC35300106802 /* GoogleService-Info.plist in Resources */,
				5E61B8E3284A3E5900797C92 /* Assets.xcassets in Resources */,
			);
			runOnlyForDeploymentPostprocessing = 0;
		};
		5E61B8E9284A3E5A00797C92 /* Resources */ = {
			isa = PBXResourcesBuildPhase;
			buildActionMask = 2147483647;
			files = (
			);
			runOnlyForDeploymentPostprocessing = 0;
		};
		5E61B8F3284A3E5A00797C92 /* Resources */ = {
			isa = PBXResourcesBuildPhase;
			buildActionMask = 2147483647;
			files = (
			);
			runOnlyForDeploymentPostprocessing = 0;
		};
/* End PBXResourcesBuildPhase section */

/* Begin PBXSourcesBuildPhase section */
		5E61B8D7284A3E5300797C92 /* Sources */ = {
			isa = PBXSourcesBuildPhase;
			buildActionMask = 2147483647;
			files = (
				5E82A320285FD1FF000386D0 /* ListViewModel.swift in Sources */,
				5E61B90A284A49B800797C92 /* LoginView.swift in Sources */,
				5E5CD73F285BE1ED0021604A /* TabCurve.swift in Sources */,
				5E336ABB284CC63D00106802 /* RegisterView.swift in Sources */,
				5E5CD742285BE8CF0021604A /* SettingsView.swift in Sources */,
				5E61B8E1284A3E5400797C92 /* ContentView.swift in Sources */,
				5EDD096E285135DB000C736F /* HomeView.swift in Sources */,
				5E82A323285FD28C000386D0 /* ListRowView.swift in Sources */,
				5E35824C28609CFC00B6C55A /* AppNavBarView.swift in Sources */,
				5EDD096B28512D66000C736F /* LoginViewModel.swift in Sources */,
				5E61B8DF284A3E5400797C92 /* shoplistApp.swift in Sources */,
				5E5CD73D285BD86A0021604A /* TabBar.swift in Sources */,
			);
			runOnlyForDeploymentPostprocessing = 0;
		};
		5E61B8E7284A3E5A00797C92 /* Sources */ = {
			isa = PBXSourcesBuildPhase;
			buildActionMask = 2147483647;
			files = (
				5E61B8F0284A3E5A00797C92 /* shoplistTests.swift in Sources */,
			);
			runOnlyForDeploymentPostprocessing = 0;
		};
		5E61B8F1284A3E5A00797C92 /* Sources */ = {
			isa = PBXSourcesBuildPhase;
			buildActionMask = 2147483647;
			files = (
				5E61B8FC284A3E5A00797C92 /* shoplistUITestsLaunchTests.swift in Sources */,
				5E61B8FA284A3E5A00797C92 /* shoplistUITests.swift in Sources */,
			);
			runOnlyForDeploymentPostprocessing = 0;
		};
/* End PBXSourcesBuildPhase section */

/* Begin PBXTargetDependency section */
		5E61B8ED284A3E5A00797C92 /* PBXTargetDependency */ = {
			isa = PBXTargetDependency;
			target = 5E61B8DA284A3E5300797C92 /* shoplist */;
			targetProxy = 5E61B8EC284A3E5A00797C92 /* PBXContainerItemProxy */;
		};
		5E61B8F7284A3E5A00797C92 /* PBXTargetDependency */ = {
			isa = PBXTargetDependency;
			target = 5E61B8DA284A3E5300797C92 /* shoplist */;
			targetProxy = 5E61B8F6284A3E5A00797C92 /* PBXContainerItemProxy */;
		};
/* End PBXTargetDependency section */

/* Begin XCBuildConfiguration section */
		5E61B8FD284A3E5A00797C92 /* Debug */ = {
			isa = XCBuildConfiguration;
			buildSettings = {
				ALWAYS_SEARCH_USER_PATHS = NO;
				CLANG_ANALYZER_NONNULL = YES;
				CLANG_ANALYZER_NUMBER_OBJECT_CONVERSION = YES_AGGRESSIVE;
				CLANG_CXX_LANGUAGE_STANDARD = "gnu++17";
				CLANG_CXX_LIBRARY = "libc++";
				CLANG_ENABLE_MODULES = YES;
				CLANG_ENABLE_OBJC_ARC = YES;
				CLANG_ENABLE_OBJC_WEAK = YES;
				CLANG_WARN_BLOCK_CAPTURE_AUTORELEASING = YES;
				CLANG_WARN_BOOL_CONVERSION = YES;
				CLANG_WARN_COMMA = YES;
				CLANG_WARN_CONSTANT_CONVERSION = YES;
				CLANG_WARN_DEPRECATED_OBJC_IMPLEMENTATIONS = YES;
				CLANG_WARN_DIRECT_OBJC_ISA_USAGE = YES_ERROR;
				CLANG_WARN_DOCUMENTATION_COMMENTS = YES;
				CLANG_WARN_EMPTY_BODY = YES;
				CLANG_WARN_ENUM_CONVERSION = YES;
				CLANG_WARN_INFINITE_RECURSION = YES;
				CLANG_WARN_INT_CONVERSION = YES;
				CLANG_WARN_NON_LITERAL_NULL_CONVERSION = YES;
				CLANG_WARN_OBJC_IMPLICIT_RETAIN_SELF = YES;
				CLANG_WARN_OBJC_LITERAL_CONVERSION = YES;
				CLANG_WARN_OBJC_ROOT_CLASS = YES_ERROR;
				CLANG_WARN_QUOTED_INCLUDE_IN_FRAMEWORK_HEADER = YES;
				CLANG_WARN_RANGE_LOOP_ANALYSIS = YES;
				CLANG_WARN_STRICT_PROTOTYPES = YES;
				CLANG_WARN_SUSPICIOUS_MOVE = YES;
				CLANG_WARN_UNGUARDED_AVAILABILITY = YES_AGGRESSIVE;
				CLANG_WARN_UNREACHABLE_CODE = YES;
				CLANG_WARN__DUPLICATE_METHOD_MATCH = YES;
				COPY_PHASE_STRIP = NO;
				DEBUG_INFORMATION_FORMAT = dwarf;
				ENABLE_STRICT_OBJC_MSGSEND = YES;
				ENABLE_TESTABILITY = YES;
				GCC_C_LANGUAGE_STANDARD = gnu11;
				GCC_DYNAMIC_NO_PIC = NO;
				GCC_NO_COMMON_BLOCKS = YES;
				GCC_OPTIMIZATION_LEVEL = 0;
				GCC_PREPROCESSOR_DEFINITIONS = (
					"DEBUG=1",
					"$(inherited)",
				);
				GCC_WARN_64_TO_32_BIT_CONVERSION = YES;
				GCC_WARN_ABOUT_RETURN_TYPE = YES_ERROR;
				GCC_WARN_UNDECLARED_SELECTOR = YES;
				GCC_WARN_UNINITIALIZED_AUTOS = YES_AGGRESSIVE;
				GCC_WARN_UNUSED_FUNCTION = YES;
				GCC_WARN_UNUSED_VARIABLE = YES;
				IPHONEOS_DEPLOYMENT_TARGET = 15.2;
				MTL_ENABLE_DEBUG_INFO = INCLUDE_SOURCE;
				MTL_FAST_MATH = YES;
				ONLY_ACTIVE_ARCH = YES;
				SDKROOT = iphoneos;
				SWIFT_ACTIVE_COMPILATION_CONDITIONS = DEBUG;
				SWIFT_OPTIMIZATION_LEVEL = "-Onone";
			};
			name = Debug;
		};
		5E61B8FE284A3E5A00797C92 /* Release */ = {
			isa = XCBuildConfiguration;
			buildSettings = {
				ALWAYS_SEARCH_USER_PATHS = NO;
				CLANG_ANALYZER_NONNULL = YES;
				CLANG_ANALYZER_NUMBER_OBJECT_CONVERSION = YES_AGGRESSIVE;
				CLANG_CXX_LANGUAGE_STANDARD = "gnu++17";
				CLANG_CXX_LIBRARY = "libc++";
				CLANG_ENABLE_MODULES = YES;
				CLANG_ENABLE_OBJC_ARC = YES;
				CLANG_ENABLE_OBJC_WEAK = YES;
				CLANG_WARN_BLOCK_CAPTURE_AUTORELEASING = YES;
				CLANG_WARN_BOOL_CONVERSION = YES;
				CLANG_WARN_COMMA = YES;
				CLANG_WARN_CONSTANT_CONVERSION = YES;
				CLANG_WARN_DEPRECATED_OBJC_IMPLEMENTATIONS = YES;
				CLANG_WARN_DIRECT_OBJC_ISA_USAGE = YES_ERROR;
				CLANG_WARN_DOCUMENTATION_COMMENTS = YES;
				CLANG_WARN_EMPTY_BODY = YES;
				CLANG_WARN_ENUM_CONVERSION = YES;
				CLANG_WARN_INFINITE_RECURSION = YES;
				CLANG_WARN_INT_CONVERSION = YES;
				CLANG_WARN_NON_LITERAL_NULL_CONVERSION = YES;
				CLANG_WARN_OBJC_IMPLICIT_RETAIN_SELF = YES;
				CLANG_WARN_OBJC_LITERAL_CONVERSION = YES;
				CLANG_WARN_OBJC_ROOT_CLASS = YES_ERROR;
				CLANG_WARN_QUOTED_INCLUDE_IN_FRAMEWORK_HEADER = YES;
				CLANG_WARN_RANGE_LOOP_ANALYSIS = YES;
				CLANG_WARN_STRICT_PROTOTYPES = YES;
				CLANG_WARN_SUSPICIOUS_MOVE = YES;
				CLANG_WARN_UNGUARDED_AVAILABILITY = YES_AGGRESSIVE;
				CLANG_WARN_UNREACHABLE_CODE = YES;
				CLANG_WARN__DUPLICATE_METHOD_MATCH = YES;
				COPY_PHASE_STRIP = NO;
				DEBUG_INFORMATION_FORMAT = "dwarf-with-dsym";
				ENABLE_NS_ASSERTIONS = NO;
				ENABLE_STRICT_OBJC_MSGSEND = YES;
				GCC_C_LANGUAGE_STANDARD = gnu11;
				GCC_NO_COMMON_BLOCKS = YES;
				GCC_WARN_64_TO_32_BIT_CONVERSION = YES;
				GCC_WARN_ABOUT_RETURN_TYPE = YES_ERROR;
				GCC_WARN_UNDECLARED_SELECTOR = YES;
				GCC_WARN_UNINITIALIZED_AUTOS = YES_AGGRESSIVE;
				GCC_WARN_UNUSED_FUNCTION = YES;
				GCC_WARN_UNUSED_VARIABLE = YES;
				IPHONEOS_DEPLOYMENT_TARGET = 15.2;
				MTL_ENABLE_DEBUG_INFO = NO;
				MTL_FAST_MATH = YES;
				SDKROOT = iphoneos;
				SWIFT_COMPILATION_MODE = wholemodule;
				SWIFT_OPTIMIZATION_LEVEL = "-O";
				VALIDATE_PRODUCT = YES;
			};
			name = Release;
		};
		5E61B900284A3E5A00797C92 /* Debug */ = {
			isa = XCBuildConfiguration;
			buildSettings = {
				ASSETCATALOG_COMPILER_APPICON_NAME = AppIcon;
				ASSETCATALOG_COMPILER_GLOBAL_ACCENT_COLOR_NAME = AccentColor;
				CODE_SIGN_STYLE = Automatic;
				CURRENT_PROJECT_VERSION = 1;
				DEVELOPMENT_ASSET_PATHS = "\"shoplist/Preview Content\"";
				DEVELOPMENT_TEAM = 7HUC4265N2;
				ENABLE_PREVIEWS = YES;
				GENERATE_INFOPLIST_FILE = YES;
				INFOPLIST_KEY_NSFaceIDUsageDescription = "";
				INFOPLIST_KEY_UIApplicationSceneManifest_Generation = YES;
				INFOPLIST_KEY_UIApplicationSupportsIndirectInputEvents = YES;
				INFOPLIST_KEY_UILaunchScreen_Generation = YES;
				INFOPLIST_KEY_UISupportedInterfaceOrientations_iPad = "UIInterfaceOrientationPortrait UIInterfaceOrientationPortraitUpsideDown UIInterfaceOrientationLandscapeLeft UIInterfaceOrientationLandscapeRight";
				INFOPLIST_KEY_UISupportedInterfaceOrientations_iPhone = "UIInterfaceOrientationPortrait UIInterfaceOrientationLandscapeLeft UIInterfaceOrientationLandscapeRight";
				LD_RUNPATH_SEARCH_PATHS = (
					"$(inherited)",
					"@executable_path/Frameworks",
				);
				MARKETING_VERSION = 1.0;
				PRODUCT_BUNDLE_IDENTIFIER = "com.Patryk-Jastrzebski.shoplist";
				PRODUCT_NAME = "$(TARGET_NAME)";
				SWIFT_EMIT_LOC_STRINGS = YES;
				SWIFT_VERSION = 5.0;
				TARGETED_DEVICE_FAMILY = "1,2";
			};
			name = Debug;
		};
		5E61B901284A3E5A00797C92 /* Release */ = {
			isa = XCBuildConfiguration;
			buildSettings = {
				ASSETCATALOG_COMPILER_APPICON_NAME = AppIcon;
				ASSETCATALOG_COMPILER_GLOBAL_ACCENT_COLOR_NAME = AccentColor;
				CODE_SIGN_STYLE = Automatic;
				CURRENT_PROJECT_VERSION = 1;
				DEVELOPMENT_ASSET_PATHS = "\"shoplist/Preview Content\"";
				DEVELOPMENT_TEAM = 7HUC4265N2;
				ENABLE_PREVIEWS = YES;
				GENERATE_INFOPLIST_FILE = YES;
				INFOPLIST_KEY_NSFaceIDUsageDescription = "";
				INFOPLIST_KEY_UIApplicationSceneManifest_Generation = YES;
				INFOPLIST_KEY_UIApplicationSupportsIndirectInputEvents = YES;
				INFOPLIST_KEY_UILaunchScreen_Generation = YES;
				INFOPLIST_KEY_UISupportedInterfaceOrientations_iPad = "UIInterfaceOrientationPortrait UIInterfaceOrientationPortraitUpsideDown UIInterfaceOrientationLandscapeLeft UIInterfaceOrientationLandscapeRight";
				INFOPLIST_KEY_UISupportedInterfaceOrientations_iPhone = "UIInterfaceOrientationPortrait UIInterfaceOrientationLandscapeLeft UIInterfaceOrientationLandscapeRight";
				LD_RUNPATH_SEARCH_PATHS = (
					"$(inherited)",
					"@executable_path/Frameworks",
				);
				MARKETING_VERSION = 1.0;
				PRODUCT_BUNDLE_IDENTIFIER = "com.Patryk-Jastrzebski.shoplist";
				PRODUCT_NAME = "$(TARGET_NAME)";
				SWIFT_EMIT_LOC_STRINGS = YES;
				SWIFT_VERSION = 5.0;
				TARGETED_DEVICE_FAMILY = "1,2";
			};
			name = Release;
		};
		5E61B903284A3E5A00797C92 /* Debug */ = {
			isa = XCBuildConfiguration;
			buildSettings = {
				ALWAYS_EMBED_SWIFT_STANDARD_LIBRARIES = YES;
				BUNDLE_LOADER = "$(TEST_HOST)";
				CODE_SIGN_STYLE = Automatic;
				CURRENT_PROJECT_VERSION = 1;
				DEVELOPMENT_TEAM = 7HUC4265N2;
				GENERATE_INFOPLIST_FILE = YES;
				IPHONEOS_DEPLOYMENT_TARGET = 15.2;
				MARKETING_VERSION = 1.0;
				PRODUCT_BUNDLE_IDENTIFIER = "Patryk-Jastrzebski.shoplistTests";
				PRODUCT_NAME = "$(TARGET_NAME)";
				SWIFT_EMIT_LOC_STRINGS = NO;
				SWIFT_VERSION = 5.0;
				TARGETED_DEVICE_FAMILY = "1,2";
				TEST_HOST = "$(BUILT_PRODUCTS_DIR)/shoplist.app/shoplist";
			};
			name = Debug;
		};
		5E61B904284A3E5A00797C92 /* Release */ = {
			isa = XCBuildConfiguration;
			buildSettings = {
				ALWAYS_EMBED_SWIFT_STANDARD_LIBRARIES = YES;
				BUNDLE_LOADER = "$(TEST_HOST)";
				CODE_SIGN_STYLE = Automatic;
				CURRENT_PROJECT_VERSION = 1;
				DEVELOPMENT_TEAM = 7HUC4265N2;
				GENERATE_INFOPLIST_FILE = YES;
				IPHONEOS_DEPLOYMENT_TARGET = 15.2;
				MARKETING_VERSION = 1.0;
				PRODUCT_BUNDLE_IDENTIFIER = "Patryk-Jastrzebski.shoplistTests";
				PRODUCT_NAME = "$(TARGET_NAME)";
				SWIFT_EMIT_LOC_STRINGS = NO;
				SWIFT_VERSION = 5.0;
				TARGETED_DEVICE_FAMILY = "1,2";
				TEST_HOST = "$(BUILT_PRODUCTS_DIR)/shoplist.app/shoplist";
			};
			name = Release;
		};
		5E61B906284A3E5A00797C92 /* Debug */ = {
			isa = XCBuildConfiguration;
			buildSettings = {
				ALWAYS_EMBED_SWIFT_STANDARD_LIBRARIES = YES;
				CODE_SIGN_STYLE = Automatic;
				CURRENT_PROJECT_VERSION = 1;
				DEVELOPMENT_TEAM = 7HUC4265N2;
				GENERATE_INFOPLIST_FILE = YES;
				MARKETING_VERSION = 1.0;
				PRODUCT_BUNDLE_IDENTIFIER = "Patryk-Jastrzebski.shoplistUITests";
				PRODUCT_NAME = "$(TARGET_NAME)";
				SWIFT_EMIT_LOC_STRINGS = NO;
				SWIFT_VERSION = 5.0;
				TARGETED_DEVICE_FAMILY = "1,2";
				TEST_TARGET_NAME = shoplist;
			};
			name = Debug;
		};
		5E61B907284A3E5A00797C92 /* Release */ = {
			isa = XCBuildConfiguration;
			buildSettings = {
				ALWAYS_EMBED_SWIFT_STANDARD_LIBRARIES = YES;
				CODE_SIGN_STYLE = Automatic;
				CURRENT_PROJECT_VERSION = 1;
				DEVELOPMENT_TEAM = 7HUC4265N2;
				GENERATE_INFOPLIST_FILE = YES;
				MARKETING_VERSION = 1.0;
				PRODUCT_BUNDLE_IDENTIFIER = "Patryk-Jastrzebski.shoplistUITests";
				PRODUCT_NAME = "$(TARGET_NAME)";
				SWIFT_EMIT_LOC_STRINGS = NO;
				SWIFT_VERSION = 5.0;
				TARGETED_DEVICE_FAMILY = "1,2";
				TEST_TARGET_NAME = shoplist;
			};
			name = Release;
		};
/* End XCBuildConfiguration section */

/* Begin XCConfigurationList section */
		5E61B8D6284A3E5300797C92 /* Build configuration list for PBXProject "shoplist" */ = {
			isa = XCConfigurationList;
			buildConfigurations = (
				5E61B8FD284A3E5A00797C92 /* Debug */,
				5E61B8FE284A3E5A00797C92 /* Release */,
			);
			defaultConfigurationIsVisible = 0;
			defaultConfigurationName = Release;
		};
		5E61B8FF284A3E5A00797C92 /* Build configuration list for PBXNativeTarget "shoplist" */ = {
			isa = XCConfigurationList;
			buildConfigurations = (
				5E61B900284A3E5A00797C92 /* Debug */,
				5E61B901284A3E5A00797C92 /* Release */,
			);
			defaultConfigurationIsVisible = 0;
			defaultConfigurationName = Release;
		};
		5E61B902284A3E5A00797C92 /* Build configuration list for PBXNativeTarget "shoplistTests" */ = {
			isa = XCConfigurationList;
			buildConfigurations = (
				5E61B903284A3E5A00797C92 /* Debug */,
				5E61B904284A3E5A00797C92 /* Release */,
			);
			defaultConfigurationIsVisible = 0;
			defaultConfigurationName = Release;
		};
		5E61B905284A3E5A00797C92 /* Build configuration list for PBXNativeTarget "shoplistUITests" */ = {
			isa = XCConfigurationList;
			buildConfigurations = (
				5E61B906284A3E5A00797C92 /* Debug */,
				5E61B907284A3E5A00797C92 /* Release */,
			);
			defaultConfigurationIsVisible = 0;
			defaultConfigurationName = Release;
		};
/* End XCConfigurationList section */

/* Begin XCRemoteSwiftPackageReference section */
		5E61B90F284A4E4400797C92 /* XCRemoteSwiftPackageReference "firebase-ios-sdk" */ = {
			isa = XCRemoteSwiftPackageReference;
			repositoryURL = "https://github.com/firebase/firebase-ios-sdk";
			requirement = {
				kind = upToNextMajorVersion;
				minimumVersion = 9.0.0;
			};
		};
/* End XCRemoteSwiftPackageReference section */

/* Begin XCSwiftPackageProductDependency section */
		5E61B910284A4E4400797C92 /* FirebaseAuth */ = {
			isa = XCSwiftPackageProductDependency;
			package = 5E61B90F284A4E4400797C92 /* XCRemoteSwiftPackageReference "firebase-ios-sdk" */;
			productName = FirebaseAuth;
		};
		5E61B912284A4E4400797C92 /* FirebaseDatabase */ = {
			isa = XCSwiftPackageProductDependency;
			package = 5E61B90F284A4E4400797C92 /* XCRemoteSwiftPackageReference "firebase-ios-sdk" */;
			productName = FirebaseDatabase;
		};
		5E61B914284A4E4400797C92 /* FirebaseDatabaseSwift */ = {
			isa = XCSwiftPackageProductDependency;
			package = 5E61B90F284A4E4400797C92 /* XCRemoteSwiftPackageReference "firebase-ios-sdk" */;
			productName = FirebaseDatabaseSwift;
		};
/* End XCSwiftPackageProductDependency section */
	};
	rootObject = 5E61B8D3284A3E5300797C92 /* Project object */;
}
